
Microsoft Visual Studio Solution File, Format Version 12.00
# Visual Studio 15
VisualStudioVersion = 15.0.28307.168
MinimumVisualStudioVersion = 10.0.40219.1
Project("{8BC9CEB8-8B4A-11D0-8D11-00A0C91BC942}") = "SandBox", "SandBox\SandBox.vcxproj", "{C23E07C2-45EE-40FA-9341-79E990E0AAC4}"
EndProject
Project("{8BC9CEB8-8B4A-11D0-8D11-00A0C91BC942}") = "Hazel", "Hazel\Hazel.vcxproj", "{F35305E1-56E7-4CF7-ABC6-21DD87102914}"
EndProject
Global
	GlobalSection(SolutionConfigurationPlatforms) = preSolution
		Debug|x64 = Debug|x64
		Release|x64 = Release|x64
	EndGlobalSection
	GlobalSection(ProjectConfigurationPlatforms) = postSolution
		{F35305E1-56E7-4CF7-ABC6-21DD87102914}.Debug|x64.ActiveCfg = Debug|x64
		{F35305E1-56E7-4CF7-ABC6-21DD87102914}.Debug|x64.Build.0 = Debug|x64
		{F35305E1-56E7-4CF7-ABC6-21DD87102914}.Release|x64.ActiveCfg = Release|x64
		{F35305E1-56E7-4CF7-ABC6-21DD87102914}.Release|x64.Build.0 = Release|x64
		{C23E07C2-45EE-40FA-9341-79E990E0AAC4}.Debug|x64.ActiveCfg = Debug|x64
		{C23E07C2-45EE-40FA-9341-79E990E0AAC4}.Debug|x64.Build.0 = Debug|x64
		{C23E07C2-45EE-40FA-9341-79E990E0AAC4}.Release|x64.ActiveCfg = Release|x64
		{C23E07C2-45EE-40FA-9341-79E990E0AAC4}.Release|x64.Build.0 = Release|x64
	EndGlobalSection
	GlobalSection(SolutionProperties) = preSolution
		HideSolutionNode = FALSE
	EndGlobalSection
	GlobalSection(ExtensibilityGlobals) = postSolution
		SolutionGuid = {FA321A40-242B-4024-9D5B-218515E36351}
	EndGlobalSection
EndGlobal
